
Microsoft Visual Studio Solution File, Format Version 11.00
# Visual Studio 2010
Project("{FAE04EC0-301F-11D3-BF4B-00C04F79EFBC}") = "WebRPApplication1", "WebRPApplication1\WebRPApplication1\WebRPApplication1.csproj", "{15FB0AD4-39EF-47A9-9149-AE93CD3591C0}"
EndProject
Project("{FAE04EC0-301F-11D3-BF4B-00C04F79EFBC}") = "RelyingPartyLogic", "WebRPApplication1\RelyingPartyLogic\RelyingPartyLogic.csproj", "{22C0A367-130E-457F-AE9B-DC94CECB1019}"
EndProject
Global
	GlobalSection(SolutionConfigurationPlatforms) = preSolution
		Debug|Any CPU = Debug|Any CPU
		Release|Any CPU = Release|Any CPU
	EndGlobalSection
	GlobalSection(ProjectConfigurationPlatforms) = postSolution
		{15FB0AD4-39EF-47A9-9149-AE93CD3591C0}.Debug|Any CPU.ActiveCfg = Debug|Any CPU
		{15FB0AD4-39EF-47A9-9149-AE93CD3591C0}.Debug|Any CPU.Build.0 = Debug|Any CPU
		{15FB0AD4-39EF-47A9-9149-AE93CD3591C0}.Release|Any CPU.ActiveCfg = Release|Any CPU
		{15FB0AD4-39EF-47A9-9149-AE93CD3591C0}.Release|Any CPU.Build.0 = Release|Any CPU
		{22C0A367-130E-457F-AE9B-DC94CECB1019}.Debug|Any CPU.ActiveCfg = Debug|Any CPU
		{22C0A367-130E-457F-AE9B-DC94CECB1019}.Debug|Any CPU.Build.0 = Debug|Any CPU
		{22C0A367-130E-457F-AE9B-DC94CECB1019}.Release|Any CPU.ActiveCfg = Release|Any CPU
		{22C0A367-130E-457F-AE9B-DC94CECB1019}.Release|Any CPU.Build.0 = Release|Any CPU
	EndGlobalSection
	GlobalSection(SolutionProperties) = preSolution
		HideSolutionNode = FALSE
	EndGlobalSection
EndGlobal
